
Microsoft Visual Studio Solution File, Format Version 12.00
# Visual Studio 2012
Project("{FAE04EC0-301F-11D3-BF4B-00C04F79EFBC}") = "INVT_MGMT_SYS", "INVT_MGMT_SYS\INVT_MGMT_SYS.csproj", "{568BAF75-DA9A-4B85-9632-E64CD49519E2}"
EndProject
Global
	GlobalSection(SolutionConfigurationPlatforms) = preSolution
		Debug|Any CPU = Debug|Any CPU
		Release|Any CPU = Release|Any CPU
	EndGlobalSection
	GlobalSection(ProjectConfigurationPlatforms) = postSolution
		{568BAF75-DA9A-4B85-9632-E64CD49519E2}.Debug|Any CPU.ActiveCfg = Debug|Any CPU
		{568BAF75-DA9A-4B85-9632-E64CD49519E2}.Debug|Any CPU.Build.0 = Debug|Any CPU
		{568BAF75-DA9A-4B85-9632-E64CD49519E2}.Release|Any CPU.ActiveCfg = Release|Any CPU
		{568BAF75-DA9A-4B85-9632-E64CD49519E2}.Release|Any CPU.Build.0 = Release|Any CPU
	EndGlobalSection
	GlobalSection(SolutionProperties) = preSolution
		HideSolutionNode = FALSE
	EndGlobalSection
EndGlobal
